// !$*UTF8*$!
{
	archiveVersion = 1;
	classes = {
	};
	objectVersion = 50;
	objects = {

/* Begin PBXBuildFile section */
		00B624CA25CDE79A00BC9BB8 /* AppDelegate.swift in Sources */ = {isa = PBXBuildFile; fileRef = 00B624C925CDE79A00BC9BB8 /* AppDelegate.swift */; };
		00B624CC25CDE79A00BC9BB8 /* SceneDelegate.swift in Sources */ = {isa = PBXBuildFile; fileRef = 00B624CB25CDE79A00BC9BB8 /* SceneDelegate.swift */; };
		00B624CE25CDE79A00BC9BB8 /* ViewController.swift in Sources */ = {isa = PBXBuildFile; fileRef = 00B624CD25CDE79A00BC9BB8 /* ViewController.swift */; };
		00B624D125CDE79A00BC9BB8 /* Main.storyboard in Resources */ = {isa = PBXBuildFile; fileRef = 00B624CF25CDE79A00BC9BB8 /* Main.storyboard */; };
		00B624D325CDE79F00BC9BB8 /* Assets.xcassets in Resources */ = {isa = PBXBuildFile; fileRef = 00B624D225CDE79F00BC9BB8 /* Assets.xcassets */; };
		00B624D625CDE79F00BC9BB8 /* LaunchScreen.storyboard in Resources */ = {isa = PBXBuildFile; fileRef = 00B624D425CDE79F00BC9BB8 /* LaunchScreen.storyboard */; };
/* End PBXBuildFile section */

/* Begin PBXFileReference section */
		00B624C625CDE79A00BC9BB8 /* adaptive-layout.app */ = {isa = PBXFileReference; explicitFileType = wrapper.application; includeInIndex = 0; path = "adaptive-layout.app"; sourceTree = BUILT_PRODUCTS_DIR; };
		00B624C925CDE79A00BC9BB8 /* AppDelegate.swift */ = {isa = PBXFileReference; lastKnownFileType = sourcecode.swift; path = AppDelegate.swift; sourceTree = "<group>"; };
		00B624CB25CDE79A00BC9BB8 /* SceneDelegate.swift */ = {isa = PBXFileReference; lastKnownFileType = sourcecode.swift; path = SceneDelegate.swift; sourceTree = "<group>"; };
		00B624CD25CDE79A00BC9BB8 /* ViewController.swift */ = {isa = PBXFileReference; lastKnownFileType = sourcecode.swift; path = ViewController.swift; sourceTree = "<group>"; };
		00B624D025CDE79A00BC9BB8 /* Base */ = {isa = PBXFileReference; lastKnownFileType = file.storyboard; name = Base; path = Base.lproj/Main.storyboard; sourceTree = "<group>"; };
		00B624D225CDE79F00BC9BB8 /* Assets.xcassets */ = {isa = PBXFileReference; lastKnownFileType = folder.assetcatalog; path = Assets.xcassets; sourceTree = "<group>"; };
		00B624D525CDE79F00BC9BB8 /* Base */ = {isa = PBXFileReference; lastKnownFileType = file.storyboard; name = Base; path = Base.lproj/LaunchScreen.storyboard; sourceTree = "<group>"; };
		00B624D725CDE79F00BC9BB8 /* Info.plist */ = {isa = PBXFileReference; lastKnownFileType = text.plist.xml; path = Info.plist; sourceTree = "<group>"; };
/* End PBXFileReference section */

/* Begin PBXFrameworksBuildPhase section */
		00B624C325CDE79A00BC9BB8 /* Frameworks */ = {
			isa = PBXFrameworksBuildPhase;
			buildActionMask = 2147483647;
			files = (
			);
			runOnlyForDeploymentPostprocessing = 0;
		};
/* End PBXFrameworksBuildPhase section */

/* Begin PBXGroup section */
		00B624BD25CDE79A00BC9BB8 = {
			isa = PBXGroup;
			children = (
				00B624C825CDE79A00BC9BB8 /* adaptive-layout */,
				00B624C725CDE79A00BC9BB8 /* Products */,
			);
			sourceTree = "<group>";
		};
		00B624C725CDE79A00BC9BB8 /* Products */ = {
			isa = PBXGroup;
			children = (
				00B624C625CDE79A00BC9BB8 /* adaptive-layout.app */,
			);
			name = Products;
			sourceTree = "<group>";
		};
		00B624C825CDE79A00BC9BB8 /* adaptive-layout */ = {
			isa = PBXGroup;
			children = (
				00B624E325CDE8F600BC9BB8 /* Subclasses */,
				00B624E225CDE8EA00BC9BB8 /* Resources */,
				00B624E125CDE8DB00BC9BB8 /* Helpers */,
				00B624E025CDE8CD00BC9BB8 /* Extensions */,
				00B624DF25CDE88600BC9BB8 /* Enums */,
				00B624DE25CDE87B00BC9BB8 /* View */,
				00B624C925CDE79A00BC9BB8 /* AppDelegate.swift */,
				00B624CB25CDE79A00BC9BB8 /* SceneDelegate.swift */,
				00B624CF25CDE79A00BC9BB8 /* Main.storyboard */,
				00B624D225CDE79F00BC9BB8 /* Assets.xcassets */,
				00B624D425CDE79F00BC9BB8 /* LaunchScreen.storyboard */,
				00B624D725CDE79F00BC9BB8 /* Info.plist */,
			);
			path = "adaptive-layout";
			sourceTree = "<group>";
		};
		00B624DE25CDE87B00BC9BB8 /* View */ = {
			isa = PBXGroup;
			children = (
				00B624CD25CDE79A00BC9BB8 /* ViewController.swift */,
			);
			path = View;
			sourceTree = "<group>";
		};
		00B624DF25CDE88600BC9BB8 /* Enums */ = {
			isa = PBXGroup;
			children = (
			);
			path = Enums;
			sourceTree = "<group>";
		};
		00B624E025CDE8CD00BC9BB8 /* Extensions */ = {
			isa = PBXGroup;
			children = (
			);
			path = Extensions;
			sourceTree = "<group>";
		};
		00B624E125CDE8DB00BC9BB8 /* Helpers */ = {
			isa = PBXGroup;
			children = (
			);
			path = Helpers;
			sourceTree = "<group>";
		};
		00B624E225CDE8EA00BC9BB8 /* Resources */ = {
			isa = PBXGroup;
			children = (
			);
			path = Resources;
			sourceTree = "<group>";
		};
		00B624E325CDE8F600BC9BB8 /* Subclasses */ = {
			isa = PBXGroup;
			children = (
			);
			path = Subclasses;
			sourceTree = "<group>";
		};
/* End PBXGroup section */

/* Begin PBXNativeTarget section */
		00B624C525CDE79A00BC9BB8 /* adaptive-layout */ = {
			isa = PBXNativeTarget;
			buildConfigurationList = 00B624DA25CDE79F00BC9BB8 /* Build configuration list for PBXNativeTarget "adaptive-layout" */;
			buildPhases = (
				00B624C225CDE79A00BC9BB8 /* Sources */,
				00B624C325CDE79A00BC9BB8 /* Frameworks */,
				00B624C425CDE79A00BC9BB8 /* Resources */,
			);
			buildRules = (
			);
			dependencies = (
			);
			name = "adaptive-layout";
			productName = "adaptive-layout";
			productReference = 00B624C625CDE79A00BC9BB8 /* adaptive-layout.app */;
			productType = "com.apple.product-type.application";
		};
/* End PBXNativeTarget section */

/* Begin PBXProject section */
		00B624BE25CDE79A00BC9BB8 /* Project object */ = {
			isa = PBXProject;
			attributes = {
				LastSwiftUpdateCheck = 1230;
				LastUpgradeCheck = 1230;
				TargetAttributes = {
					00B624C525CDE79A00BC9BB8 = {
						CreatedOnToolsVersion = 12.3;
					};
				};
			};
			buildConfigurationList = 00B624C125CDE79A00BC9BB8 /* Build configuration list for PBXProject "adaptive-layout" */;
			compatibilityVersion = "Xcode 9.3";
			developmentRegion = en;
			hasScannedForEncodings = 0;
			knownRegions = (
				en,
				Base,
			);
			mainGroup = 00B624BD25CDE79A00BC9BB8;
			productRefGroup = 00B624C725CDE79A00BC9BB8 /* Products */;
			projectDirPath = "";
			projectRoot = "";
			targets = (
				00B624C525CDE79A00BC9BB8 /* adaptive-layout */,
			);
		};
/* End PBXProject section */

/* Begin PBXResourcesBuildPhase section */
		00B624C425CDE79A00BC9BB8 /* Resources */ = {
			isa = PBXResourcesBuildPhase;
			buildActionMask = 2147483647;
			files = (
				00B624D625CDE79F00BC9BB8 /* LaunchScreen.storyboard in Resources */,
				00B624D325CDE79F00BC9BB8 /* Assets.xcassets in Resources */,
				00B624D125CDE79A00BC9BB8 /* Main.storyboard in Resources */,
			);
			runOnlyForDeploymentPostprocessing = 0;
		};
/* End PBXResourcesBuildPhase section */

/* Begin PBXSourcesBuildPhase section */
		00B624C225CDE79A00BC9BB8 /* Sources */ = {
			isa = PBXSourcesBuildPhase;
			buildActionMask = 2147483647;
			files = (
				00B624CE25CDE79A00BC9BB8 /* ViewController.swift in Sources */,
				00B624CA25CDE79A00BC9BB8 /* AppDelegate.swift in Sources */,
				00B624CC25CDE79A00BC9BB8 /* SceneDelegate.swift in Sources */,
			);
			runOnlyForDeploymentPostprocessing = 0;
		};
/* End PBXSourcesBuildPhase section */

/* Begin PBXVariantGroup section */
		00B624CF25CDE79A00BC9BB8 /* Main.storyboard */ = {
			isa = PBXVariantGroup;
			children = (
				00B624D025CDE79A00BC9BB8 /* Base */,
			);
			name = Main.storyboard;
			sourceTree = "<group>";
		};
		00B624D425CDE79F00BC9BB8 /* LaunchScreen.storyboard */ = {
			isa = PBXVariantGroup;
			children = (
				00B624D525CDE79F00BC9BB8 /* Base */,
			);
			name = LaunchScreen.storyboard;
			sourceTree = "<group>";
		};
/* End PBXVariantGroup section */

/* Begin XCBuildConfiguration section */
		00B624D825CDE79F00BC9BB8 /* Debug */ = {
			isa = XCBuildConfiguration;
			buildSettings = {
				ALWAYS_SEARCH_USER_PATHS = NO;
				CLANG_ANALYZER_NONNULL = YES;
				CLANG_ANALYZER_NUMBER_OBJECT_CONVERSION = YES_AGGRESSIVE;
				CLANG_CXX_LANGUAGE_STANDARD = "gnu++14";
				CLANG_CXX_LIBRARY = "libc++";
				CLANG_ENABLE_MODULES = YES;
				CLANG_ENABLE_OBJC_ARC = YES;
				CLANG_ENABLE_OBJC_WEAK = YES;
				CLANG_WARN_BLOCK_CAPTURE_AUTORELEASING = YES;
				CLANG_WARN_BOOL_CONVERSION = YES;
				CLANG_WARN_COMMA = YES;
				CLANG_WARN_CONSTANT_CONVERSION = YES;
				CLANG_WARN_DEPRECATED_OBJC_IMPLEMENTATIONS = YES;
				CLANG_WARN_DIRECT_OBJC_ISA_USAGE = YES_ERROR;
				CLANG_WARN_DOCUMENTATION_COMMENTS = YES;
				CLANG_WARN_EMPTY_BODY = YES;
				CLANG_WARN_ENUM_CONVERSION = YES;
				CLANG_WARN_INFINITE_RECURSION = YES;
				CLANG_WARN_INT_CONVERSION = YES;
				CLANG_WARN_NON_LITERAL_NULL_CONVERSION = YES;
				CLANG_WARN_OBJC_IMPLICIT_RETAIN_SELF = YES;
				CLANG_WARN_OBJC_LITERAL_CONVERSION = YES;
				CLANG_WARN_OBJC_ROOT_CLASS = YES_ERROR;
				CLANG_WARN_QUOTED_INCLUDE_IN_FRAMEWORK_HEADER = YES;
				CLANG_WARN_RANGE_LOOP_ANALYSIS = YES;
				CLANG_WARN_STRICT_PROTOTYPES = YES;
				CLANG_WARN_SUSPICIOUS_MOVE = YES;
				CLANG_WARN_UNGUARDED_AVAILABILITY = YES_AGGRESSIVE;
				CLANG_WARN_UNREACHABLE_CODE = YES;
				CLANG_WARN__DUPLICATE_METHOD_MATCH = YES;
				COPY_PHASE_STRIP = NO;
				DEBUG_INFORMATION_FORMAT = dwarf;
				ENABLE_STRICT_OBJC_MSGSEND = YES;
				ENABLE_TESTABILITY = YES;
				GCC_C_LANGUAGE_STANDARD = gnu11;
				GCC_DYNAMIC_NO_PIC = NO;
				GCC_NO_COMMON_BLOCKS = YES;
				GCC_OPTIMIZATION_LEVEL = 0;
				GCC_PREPROCESSOR_DEFINITIONS = (
					"DEBUG=1",
					"$(inherited)",
				);
				GCC_WARN_64_TO_32_BIT_CONVERSION = YES;
				GCC_WARN_ABOUT_RETURN_TYPE = YES_ERROR;
				GCC_WARN_UNDECLARED_SELECTOR = YES;
				GCC_WARN_UNINITIALIZED_AUTOS = YES_AGGRESSIVE;
				GCC_WARN_UNUSED_FUNCTION = YES;
				GCC_WARN_UNUSED_VARIABLE = YES;
				IPHONEOS_DEPLOYMENT_TARGET = 14.3;
				MTL_ENABLE_DEBUG_INFO = INCLUDE_SOURCE;
				MTL_FAST_MATH = YES;
				ONLY_ACTIVE_ARCH = YES;
				SDKROOT = iphoneos;
				SWIFT_ACTIVE_COMPILATION_CONDITIONS = DEBUG;
				SWIFT_OPTIMIZATION_LEVEL = "-Onone";
			};
			name = Debug;
		};
		00B624D925CDE79F00BC9BB8 /* Release */ = {
			isa = XCBuildConfiguration;
			buildSettings = {
				ALWAYS_SEARCH_USER_PATHS = NO;
				CLANG_ANALYZER_NONNULL = YES;
				CLANG_ANALYZER_NUMBER_OBJECT_CONVERSION = YES_AGGRESSIVE;
				CLANG_CXX_LANGUAGE_STANDARD = "gnu++14";
				CLANG_CXX_LIBRARY = "libc++";
				CLANG_ENABLE_MODULES = YES;
				CLANG_ENABLE_OBJC_ARC = YES;
				CLANG_ENABLE_OBJC_WEAK = YES;
				CLANG_WARN_BLOCK_CAPTURE_AUTORELEASING = YES;
				CLANG_WARN_BOOL_CONVERSION = YES;
				CLANG_WARN_COMMA = YES;
				CLANG_WARN_CONSTANT_CONVERSION = YES;
				CLANG_WARN_DEPRECATED_OBJC_IMPLEMENTATIONS = YES;
				CLANG_WARN_DIRECT_OBJC_ISA_USAGE = YES_ERROR;
				CLANG_WARN_DOCUMENTATION_COMMENTS = YES;
				CLANG_WARN_EMPTY_BODY = YES;
				CLANG_WARN_ENUM_CONVERSION = YES;
				CLANG_WARN_INFINITE_RECURSION = YES;
				CLANG_WARN_INT_CONVERSION = YES;
				CLANG_WARN_NON_LITERAL_NULL_CONVERSION = YES;
				CLANG_WARN_OBJC_IMPLICIT_RETAIN_SELF = YES;
				CLANG_WARN_OBJC_LITERAL_CONVERSION = YES;
				CLANG_WARN_OBJC_ROOT_CLASS = YES_ERROR;
				CLANG_WARN_QUOTED_INCLUDE_IN_FRAMEWORK_HEADER = YES;
				CLANG_WARN_RANGE_LOOP_ANALYSIS = YES;
				CLANG_WARN_STRICT_PROTOTYPES = YES;
				CLANG_WARN_SUSPICIOUS_MOVE = YES;
				CLANG_WARN_UNGUARDED_AVAILABILITY = YES_AGGRESSIVE;
				CLANG_WARN_UNREACHABLE_CODE = YES;
				CLANG_WARN__DUPLICATE_METHOD_MATCH = YES;
				COPY_PHASE_STRIP = NO;
				DEBUG_INFORMATION_FORMAT = "dwarf-with-dsym";
				ENABLE_NS_ASSERTIONS = NO;
				ENABLE_STRICT_OBJC_MSGSEND = YES;
				GCC_C_LANGUAGE_STANDARD = gnu11;
				GCC_NO_COMMON_BLOCKS = YES;
				GCC_WARN_64_TO_32_BIT_CONVERSION = YES;
				GCC_WARN_ABOUT_RETURN_TYPE = YES_ERROR;
				GCC_WARN_UNDECLARED_SELECTOR = YES;
				GCC_WARN_UNINITIALIZED_AUTOS = YES_AGGRESSIVE;
				GCC_WARN_UNUSED_FUNCTION = YES;
				GCC_WARN_UNUSED_VARIABLE = YES;
				IPHONEOS_DEPLOYMENT_TARGET = 14.3;
				MTL_ENABLE_DEBUG_INFO = NO;
				MTL_FAST_MATH = YES;
				SDKROOT = iphoneos;
				SWIFT_COMPILATION_MODE = wholemodule;
				SWIFT_OPTIMIZATION_LEVEL = "-O";
				VALIDATE_PRODUCT = YES;
			};
			name = Release;
		};
		00B624DB25CDE79F00BC9BB8 /* Debug */ = {
			isa = XCBuildConfiguration;
			buildSettings = {
				ASSETCATALOG_COMPILER_APPICON_NAME = AppIcon;
				ASSETCATALOG_COMPILER_GLOBAL_ACCENT_COLOR_NAME = AccentColor;
				CODE_SIGN_STYLE = Automatic;
				INFOPLIST_FILE = "adaptive-layout/Info.plist";
				LD_RUNPATH_SEARCH_PATHS = (
					"$(inherited)",
					"@executable_path/Frameworks",
				);
				PRODUCT_BUNDLE_IDENTIFIER = "felipeTeam.adaptive-layout";
				PRODUCT_NAME = "$(TARGET_NAME)";
				SWIFT_VERSION = 5.0;
				TARGETED_DEVICE_FAMILY = "1,2";
			};
			name = Debug;
		};
		00B624DC25CDE79F00BC9BB8 /* Release */ = {
			isa = XCBuildConfiguration;
			buildSettings = {
				ASSETCATALOG_COMPILER_APPICON_NAME = AppIcon;
				ASSETCATALOG_COMPILER_GLOBAL_ACCENT_COLOR_NAME = AccentColor;
				CODE_SIGN_STYLE = Automatic;
				INFOPLIST_FILE = "adaptive-layout/Info.plist";
				LD_RUNPATH_SEARCH_PATHS = (
					"$(inherited)",
					"@executable_path/Frameworks",
				);
				PRODUCT_BUNDLE_IDENTIFIER = "felipeTeam.adaptive-layout";
				PRODUCT_NAME = "$(TARGET_NAME)";
				SWIFT_VERSION = 5.0;
				TARGETED_DEVICE_FAMILY = "1,2";
			};
			name = Release;
		};
/* End XCBuildConfiguration section */

/* Begin XCConfigurationList section */
		00B624C125CDE79A00BC9BB8 /* Build configuration list for PBXProject "adaptive-layout" */ = {
			isa = XCConfigurationList;
			buildConfigurations = (
				00B624D825CDE79F00BC9BB8 /* Debug */,
				00B624D925CDE79F00BC9BB8 /* Release */,
			);
			defaultConfigurationIsVisible = 0;
			defaultConfigurationName = Release;
		};
		00B624DA25CDE79F00BC9BB8 /* Build configuration list for PBXNativeTarget "adaptive-layout" */ = {
			isa = XCConfigurationList;
			buildConfigurations = (
				00B624DB25CDE79F00BC9BB8 /* Debug */,
				00B624DC25CDE79F00BC9BB8 /* Release */,
			);
			defaultConfigurationIsVisible = 0;
			defaultConfigurationName = Release;
		};
/* End XCConfigurationList section */
	};
	rootObject = 00B624BE25CDE79A00BC9BB8 /* Project object */;
}
